PODS:
  - IQKeyboardManagerSwift (6.5.6)
  - SnapKit (5.0.1)
  - ZLPhotoBrowser (4.2.0):
    - ZLPhotoBrowser/Core (= 4.2.0)
  - ZLPhotoBrowser/Core (4.2.0)

DEPENDENCIES:
  - IQKeyboardManagerSwift
  - SnapKit (~> 5.0.0)
  - ZLPhotoBrowser

SPEC REPOS:
  trunk:
    - IQKeyboardManagerSwift
    - SnapKit
    - ZLPhotoBrowser

SPEC CHECKSUMS:
  IQKeyboardManagerSwift: c7df9d2deb356c04522f5c4b7b6e4ce4d8ed94fe
  SnapKit: 97b92857e3df3a0c71833cce143274bf6ef8e5eb
  ZLPhotoBrowser: 602d505d4f2cf7f309ce973c4353d33e85216d58

PODFILE CHECKSUM: 14bd2d70a0c539b272ef4d7d890be96e35256863

COCOAPODS: 1.11.2
