// !$*UTF8*$!
{
	archiveVersion = 1;
	classes = {
	};
	objectVersion = 55;
	objects = {

/* Begin PBXBuildFile section */
		3C1981BB83C062FBBD353AF6 /* Pods_PhotoApp.framework in Frameworks */ = {isa = PBXBuildFile; fileRef = 1F095ACE14B807C1DE5AE65D /* Pods_PhotoApp.framework */; };
		41643C352749517D00FF0EC6 /* SuggestionsModel.swift in Sources */ = {isa = PBXBuildFile; fileRef = 41643C342749517D00FF0EC6 /* SuggestionsModel.swift */; };
		41643C37274968BD00FF0EC6 /* SearchEffectVC.swift in Sources */ = {isa = PBXBuildFile; fileRef = 41643C36274968BD00FF0EC6 /* SearchEffectVC.swift */; };
		41643C392749697C00FF0EC6 /* SearchCVC.swift in Sources */ = {isa = PBXBuildFile; fileRef = 41643C382749697C00FF0EC6 /* SearchCVC.swift */; };
		41643C3B274970BB00FF0EC6 /* PhotoResultViewController.swift in Sources */ = {isa = PBXBuildFile; fileRef = 41643C3A274970BB00FF0EC6 /* PhotoResultViewController.swift */; };
		41643C3D2749712A00FF0EC6 /* EffectsCVC.swift in Sources */ = {isa = PBXBuildFile; fileRef = 41643C3C2749712A00FF0EC6 /* EffectsCVC.swift */; };
		41643C46274A6E9500FF0EC6 /* OnboardingFirstVC.swift in Sources */ = {isa = PBXBuildFile; fileRef = 41643C45274A6E9500FF0EC6 /* OnboardingFirstVC.swift */; };
		41643C48274A6EA900FF0EC6 /* OnboardingSecondVC.swift in Sources */ = {isa = PBXBuildFile; fileRef = 41643C47274A6EA900FF0EC6 /* OnboardingSecondVC.swift */; };
		41643C4A274A6EB600FF0EC6 /* OnboardingThirdVC.swift in Sources */ = {isa = PBXBuildFile; fileRef = 41643C49274A6EB600FF0EC6 /* OnboardingThirdVC.swift */; };
		41643C4D274A765100FF0EC6 /* OnboardingMainVC.swift in Sources */ = {isa = PBXBuildFile; fileRef = 41643C4C274A765100FF0EC6 /* OnboardingMainVC.swift */; };
		41643C51274A78BE00FF0EC6 /* LocalStorageManager.swift in Sources */ = {isa = PBXBuildFile; fileRef = 41643C50274A78BE00FF0EC6 /* LocalStorageManager.swift */; };
		41643C53274A7AD000FF0EC6 /* Switcher.swift in Sources */ = {isa = PBXBuildFile; fileRef = 41643C52274A7AD000FF0EC6 /* Switcher.swift */; };
		41643C56274A88E600FF0EC6 /* ShareVC.swift in Sources */ = {isa = PBXBuildFile; fileRef = 41643C55274A88E600FF0EC6 /* ShareVC.swift */; };
		416EC4B82752C7CD00247932 /* DeepLabV3.mlkitmodel in Sources */ = {isa = PBXBuildFile; fileRef = 416EC4B72752C7CD00247932 /* DeepLabV3.mlkitmodel */; };
		416EC4BB2753731200247932 /* Array+Extensions.swift in Sources */ = {isa = PBXBuildFile; fileRef = 416EC4BA2753731200247932 /* Array+Extensions.swift */; };
		416EC4BD2753733A00247932 /* Math.swift in Sources */ = {isa = PBXBuildFile; fileRef = 416EC4BC2753733A00247932 /* Math.swift */; };
		416EC4BF2753735900247932 /* UIImage+CVPixelBuffer.swift in Sources */ = {isa = PBXBuildFile; fileRef = 416EC4BE2753735900247932 /* UIImage+CVPixelBuffer.swift */; };
		416EC4C12753737500247932 /* Predictions.swift in Sources */ = {isa = PBXBuildFile; fileRef = 416EC4C02753737500247932 /* Predictions.swift */; };
		416EC4C32753738800247932 /* UIImage+Extensions.swift in Sources */ = {isa = PBXBuildFile; fileRef = 416EC4C22753738800247932 /* UIImage+Extensions.swift */; };
		416EC4C5275373A500247932 /* CGImagePropertyOrientation.swift in Sources */ = {isa = PBXBuildFile; fileRef = 416EC4C4275373A500247932 /* CGImagePropertyOrientation.swift */; };
		416EC4C7275373C300247932 /* UIImage+RawBytes.swift in Sources */ = {isa = PBXBuildFile; fileRef = 416EC4C6275373C300247932 /* UIImage+RawBytes.swift */; };
		416EC4C9275373E800247932 /* MLMultiArray+Helpers.swift in Sources */ = {isa = PBXBuildFile; fileRef = 416EC4C8275373E800247932 /* MLMultiArray+Helpers.swift */; };
		416EC4CB275373F900247932 /* CVPixelBuffer+Helpers.swift in Sources */ = {isa = PBXBuildFile; fileRef = 416EC4CA275373F900247932 /* CVPixelBuffer+Helpers.swift */; };
		416EC4CD2753741100247932 /* CGImage+CVPixelBuffer.swift in Sources */ = {isa = PBXBuildFile; fileRef = 416EC4CC2753741100247932 /* CGImage+CVPixelBuffer.swift */; };
		416EC4CF2753742B00247932 /* NonMaxSuppression.swift in Sources */ = {isa = PBXBuildFile; fileRef = 416EC4CE2753742B00247932 /* NonMaxSuppression.swift */; };
		416EC4D12753745600247932 /* CGImage+RawBytes.swift in Sources */ = {isa = PBXBuildFile; fileRef = 416EC4D02753745600247932 /* CGImage+RawBytes.swift */; };
		416EC4D32753747200247932 /* MLMultiArray+Image.swift in Sources */ = {isa = PBXBuildFile; fileRef = 416EC4D22753747200247932 /* MLMultiArray+Image.swift */; };
		417A921D2740222900C4DDEA /* IKScrollView.swift in Sources */ = {isa = PBXBuildFile; fileRef = 417A921C2740222900C4DDEA /* IKScrollView.swift */; };
		417A921F2740262E00C4DDEA /* Constants.swift in Sources */ = {isa = PBXBuildFile; fileRef = 417A921E2740262E00C4DDEA /* Constants.swift */; };
		417E1C5B273F23D3004D6457 /* AppDelegate.swift in Sources */ = {isa = PBXBuildFile; fileRef = 417E1C5A273F23D3004D6457 /* AppDelegate.swift */; };
		417E1C5D273F23D3004D6457 /* SceneDelegate.swift in Sources */ = {isa = PBXBuildFile; fileRef = 417E1C5C273F23D3004D6457 /* SceneDelegate.swift */; };
		417E1C5F273F23D3004D6457 /* HomeViewController.swift in Sources */ = {isa = PBXBuildFile; fileRef = 417E1C5E273F23D3004D6457 /* HomeViewController.swift */; };
		417E1C62273F23D3004D6457 /* Main.storyboard in Resources */ = {isa = PBXBuildFile; fileRef = 417E1C60273F23D3004D6457 /* Main.storyboard */; };
		417E1C64273F23D6004D6457 /* Assets.xcassets in Resources */ = {isa = PBXBuildFile; fileRef = 417E1C63273F23D6004D6457 /* Assets.xcassets */; };
		417E1C67273F23D6004D6457 /* LaunchScreen.storyboard in Resources */ = {isa = PBXBuildFile; fileRef = 417E1C65273F23D6004D6457 /* LaunchScreen.storyboard */; };
		4181E797273F376400359964 /* ChangeBackgroundViewController.swift in Sources */ = {isa = PBXBuildFile; fileRef = 4181E796273F376400359964 /* ChangeBackgroundViewController.swift */; };
		4181E799273FC6AF00359964 /* Extensions.swift in Sources */ = {isa = PBXBuildFile; fileRef = 4181E798273FC6AF00359964 /* Extensions.swift */; };
		4181E79B273FFE4A00359964 /* BaseVC.swift in Sources */ = {isa = PBXBuildFile; fileRef = 4181E79A273FFE4A00359964 /* BaseVC.swift */; };
		4181E7AC2740024A00359964 /* Sailec Hairline Italic.otf in Resources */ = {isa = PBXBuildFile; fileRef = 4181E79E2740024A00359964 /* Sailec Hairline Italic.otf */; };
		4181E7AD2740024A00359964 /* Sailec Light.otf in Resources */ = {isa = PBXBuildFile; fileRef = 4181E79F2740024A00359964 /* Sailec Light.otf */; };
		4181E7AE2740024A00359964 /* Sailec Medium.otf in Resources */ = {isa = PBXBuildFile; fileRef = 4181E7A02740024A00359964 /* Sailec Medium.otf */; };
		4181E7AF2740024A00359964 /* Sailec Regular Italic.otf in Resources */ = {isa = PBXBuildFile; fileRef = 4181E7A12740024A00359964 /* Sailec Regular Italic.otf */; };
		4181E7B02740024A00359964 /* Sailec Thin Italic.otf in Resources */ = {isa = PBXBuildFile; fileRef = 4181E7A22740024A00359964 /* Sailec Thin Italic.otf */; };
		4181E7B12740024A00359964 /* Sailec Regular.otf in Resources */ = {isa = PBXBuildFile; fileRef = 4181E7A32740024A00359964 /* Sailec Regular.otf */; };
		4181E7B22740024A00359964 /* Sailec Bold.otf in Resources */ = {isa = PBXBuildFile; fileRef = 4181E7A42740024A00359964 /* Sailec Bold.otf */; };
		4181E7B32740024B00359964 /* Sailec Thin.otf in Resources */ = {isa = PBXBuildFile; fileRef = 4181E7A52740024A00359964 /* Sailec Thin.otf */; };
		4181E7B42740024B00359964 /* Sailec Bold Italic.otf in Resources */ = {isa = PBXBuildFile; fileRef = 4181E7A62740024A00359964 /* Sailec Bold Italic.otf */; };
		4181E7B52740024B00359964 /* Sailec Black.otf in Resources */ = {isa = PBXBuildFile; fileRef = 4181E7A72740024A00359964 /* Sailec Black.otf */; };
		4181E7B62740024B00359964 /* Sailec Light Italic.otf in Resources */ = {isa = PBXBuildFile; fileRef = 4181E7A82740024A00359964 /* Sailec Light Italic.otf */; };
		4181E7B72740024B00359964 /* Sailec Medium Italic.otf in Resources */ = {isa = PBXBuildFile; fileRef = 4181E7A92740024A00359964 /* Sailec Medium Italic.otf */; };
		4181E7B82740024B00359964 /* Sailec Hairline.otf in Resources */ = {isa = PBXBuildFile; fileRef = 4181E7AA2740024A00359964 /* Sailec Hairline.otf */; };
		4181E7B92740024B00359964 /* Sailec Black Italic.otf in Resources */ = {isa = PBXBuildFile; fileRef = 4181E7AB2740024A00359964 /* Sailec Black Italic.otf */; };
		4192BC6827413B2800FE231A /* InterestSectionCVC.swift in Sources */ = {isa = PBXBuildFile; fileRef = 4192BC6727413B2800FE231A /* InterestSectionCVC.swift */; };
		4192BC6A274159C800FE231A /* UIDevice.swift in Sources */ = {isa = PBXBuildFile; fileRef = 4192BC69274159C800FE231A /* UIDevice.swift */; };
		4192BC6D27415C5100FE231A /* TabbarViewController.swift in Sources */ = {isa = PBXBuildFile; fileRef = 4192BC6C27415C5100FE231A /* TabbarViewController.swift */; };
		4192BC6F27415CAA00FE231A /* TabbarController.swift in Sources */ = {isa = PBXBuildFile; fileRef = 4192BC6E27415CAA00FE231A /* TabbarController.swift */; };
		4192BC71274194E000FE231A /* CameraViewController.swift in Sources */ = {isa = PBXBuildFile; fileRef = 4192BC70274194E000FE231A /* CameraViewController.swift */; };
		4192BC772741A20400FE231A /* TakePhotoViewController.swift in Sources */ = {isa = PBXBuildFile; fileRef = 4192BC762741A20400FE231A /* TakePhotoViewController.swift */; };
		419F5A77274A919D006C6DB0 /* VisualActivityViewController.swift in Sources */ = {isa = PBXBuildFile; fileRef = 419F5A76274A919D006C6DB0 /* VisualActivityViewController.swift */; };
		419F5A7A274AAA13006C6DB0 /* SettingsVC.swift in Sources */ = {isa = PBXBuildFile; fileRef = 419F5A79274AAA13006C6DB0 /* SettingsVC.swift */; };
		419F5A7C274AAD60006C6DB0 /* TermsAndPolicyVC.swift in Sources */ = {isa = PBXBuildFile; fileRef = 419F5A7B274AAD60006C6DB0 /* TermsAndPolicyVC.swift */; };
		419F5A7E274AAF43006C6DB0 /* ContactUSVC.swift in Sources */ = {isa = PBXBuildFile; fileRef = 419F5A7D274AAF43006C6DB0 /* ContactUSVC.swift */; };
		419F5A80274AAFA3006C6DB0 /* FavsVC.swift in Sources */ = {isa = PBXBuildFile; fileRef = 419F5A7F274AAFA3006C6DB0 /* FavsVC.swift */; };
		41A2481227402DAE00BC90CC /* TopImageModel.swift in Sources */ = {isa = PBXBuildFile; fileRef = 41A2481127402DAE00BC90CC /* TopImageModel.swift */; };
		41A248162740341C00BC90CC /* TrendingCategoriesModel.swift in Sources */ = {isa = PBXBuildFile; fileRef = 41A248152740341C00BC90CC /* TrendingCategoriesModel.swift */; };
		41A2481D274038F600BC90CC /* TopImageCVC.swift in Sources */ = {isa = PBXBuildFile; fileRef = 41A2481C274038F600BC90CC /* TopImageCVC.swift */; };
		41A2481F27403B5500BC90CC /* TrendingCategoriesCVC.swift in Sources */ = {isa = PBXBuildFile; fileRef = 41A2481E27403B5500BC90CC /* TrendingCategoriesCVC.swift */; };
		41EB980F2745796600794586 /* CategoryDetailVC.swift in Sources */ = {isa = PBXBuildFile; fileRef = 41EB980E2745796600794586 /* CategoryDetailVC.swift */; };
		41EB981127457D2E00794586 /* CategoriesDetailCVC.swift in Sources */ = {isa = PBXBuildFile; fileRef = 41EB981027457D2E00794586 /* CategoriesDetailCVC.swift */; };
		41FA51BF275245F000C78E82 /* ImageStickerContainerView.swift in Sources */ = {isa = PBXBuildFile; fileRef = 41FA51BE275245F000C78E82 /* ImageStickerContainerView.swift */; };
/* End PBXBuildFile section */

/* Begin PBXFileReference section */
		1F095ACE14B807C1DE5AE65D /* Pods_PhotoApp.framework */ = {isa = PBXFileReference; explicitFileType = wrapper.framework; includeInIndex = 0; path = Pods_PhotoApp.framework; sourceTree = BUILT_PRODUCTS_DIR; };
		41643C342749517D00FF0EC6 /* SuggestionsModel.swift */ = {isa = PBXFileReference; lastKnownFileType = sourcecode.swift; path = SuggestionsModel.swift; sourceTree = "<group>"; };
		41643C36274968BD00FF0EC6 /* SearchEffectVC.swift */ = {isa = PBXFileReference; lastKnownFileType = sourcecode.swift; path = SearchEffectVC.swift; sourceTree = "<group>"; };
		41643C382749697C00FF0EC6 /* SearchCVC.swift */ = {isa = PBXFileReference; lastKnownFileType = sourcecode.swift; path = SearchCVC.swift; sourceTree = "<group>"; };
		41643C3A274970BB00FF0EC6 /* PhotoResultViewController.swift */ = {isa = PBXFileReference; lastKnownFileType = sourcecode.swift; path = PhotoResultViewController.swift; sourceTree = "<group>"; };
		41643C3C2749712A00FF0EC6 /* EffectsCVC.swift */ = {isa = PBXFileReference; lastKnownFileType = sourcecode.swift; path = EffectsCVC.swift; sourceTree = "<group>"; };
		41643C45274A6E9500FF0EC6 /* OnboardingFirstVC.swift */ = {isa = PBXFileReference; lastKnownFileType = sourcecode.swift; path = OnboardingFirstVC.swift; sourceTree = "<group>"; };
		41643C47274A6EA900FF0EC6 /* OnboardingSecondVC.swift */ = {isa = PBXFileReference; lastKnownFileType = sourcecode.swift; path = OnboardingSecondVC.swift; sourceTree = "<group>"; };
		41643C49274A6EB600FF0EC6 /* OnboardingThirdVC.swift */ = {isa = PBXFileReference; lastKnownFileType = sourcecode.swift; path = OnboardingThirdVC.swift; sourceTree = "<group>"; };
		41643C4C274A765100FF0EC6 /* OnboardingMainVC.swift */ = {isa = PBXFileReference; lastKnownFileType = sourcecode.swift; path = OnboardingMainVC.swift; sourceTree = "<group>"; };
		41643C50274A78BE00FF0EC6 /* LocalStorageManager.swift */ = {isa = PBXFileReference; lastKnownFileType = sourcecode.swift; path = LocalStorageManager.swift; sourceTree = "<group>"; };
		41643C52274A7AD000FF0EC6 /* Switcher.swift */ = {isa = PBXFileReference; lastKnownFileType = sourcecode.swift; path = Switcher.swift; sourceTree = "<group>"; };
		41643C55274A88E600FF0EC6 /* ShareVC.swift */ = {isa = PBXFileReference; lastKnownFileType = sourcecode.swift; path = ShareVC.swift; sourceTree = "<group>"; };
		416EC4B72752C7CD00247932 /* DeepLabV3.mlkitmodel */ = {isa = PBXFileReference; lastKnownFileType = file.mlmodel; path = DeepLabV3.mlkitmodel; sourceTree = "<group>"; };
		416EC4BA2753731200247932 /* Array+Extensions.swift */ = {isa = PBXFileReference; lastKnownFileType = sourcecode.swift; path = "Array+Extensions.swift"; sourceTree = "<group>"; };
		416EC4BC2753733A00247932 /* Math.swift */ = {isa = PBXFileReference; lastKnownFileType = sourcecode.swift; path = Math.swift; sourceTree = "<group>"; };
		416EC4BE2753735900247932 /* UIImage+CVPixelBuffer.swift */ = {isa = PBXFileReference; lastKnownFileType = sourcecode.swift; path = "UIImage+CVPixelBuffer.swift"; sourceTree = "<group>"; };
		416EC4C02753737500247932 /* Predictions.swift */ = {isa = PBXFileReference; lastKnownFileType = sourcecode.swift; path = Predictions.swift; sourceTree = "<group>"; };
		416EC4C22753738800247932 /* UIImage+Extensions.swift */ = {isa = PBXFileReference; lastKnownFileType = sourcecode.swift; path = "UIImage+Extensions.swift"; sourceTree = "<group>"; };
		416EC4C4275373A500247932 /* CGImagePropertyOrientation.swift */ = {isa = PBXFileReference; lastKnownFileType = sourcecode.swift; path = CGImagePropertyOrientation.swift; sourceTree = "<group>"; };
		416EC4C6275373C300247932 /* UIImage+RawBytes.swift */ = {isa = PBXFileReference; lastKnownFileType = sourcecode.swift; path = "UIImage+RawBytes.swift"; sourceTree = "<group>"; };
		416EC4C8275373E800247932 /* MLMultiArray+Helpers.swift */ = {isa = PBXFileReference; lastKnownFileType = sourcecode.swift; path = "MLMultiArray+Helpers.swift"; sourceTree = "<group>"; };
		416EC4CA275373F900247932 /* CVPixelBuffer+Helpers.swift */ = {isa = PBXFileReference; lastKnownFileType = sourcecode.swift; path = "CVPixelBuffer+Helpers.swift"; sourceTree = "<group>"; };
		416EC4CC2753741100247932 /* CGImage+CVPixelBuffer.swift */ = {isa = PBXFileReference; lastKnownFileType = sourcecode.swift; path = "CGImage+CVPixelBuffer.swift"; sourceTree = "<group>"; };
		416EC4CE2753742B00247932 /* NonMaxSuppression.swift */ = {isa = PBXFileReference; lastKnownFileType = sourcecode.swift; path = NonMaxSuppression.swift; sourceTree = "<group>"; };
		416EC4D02753745600247932 /* CGImage+RawBytes.swift */ = {isa = PBXFileReference; lastKnownFileType = sourcecode.swift; path = "CGImage+RawBytes.swift"; sourceTree = "<group>"; };
		416EC4D22753747200247932 /* MLMultiArray+Image.swift */ = {isa = PBXFileReference; lastKnownFileType = sourcecode.swift; path = "MLMultiArray+Image.swift"; sourceTree = "<group>"; };
		417A921C2740222900C4DDEA /* IKScrollView.swift */ = {isa = PBXFileReference; lastKnownFileType = sourcecode.swift; path = IKScrollView.swift; sourceTree = "<group>"; };
		417A921E2740262E00C4DDEA /* Constants.swift */ = {isa = PBXFileReference; lastKnownFileType = sourcecode.swift; path = Constants.swift; sourceTree = "<group>"; };
		417E1C57273F23D3004D6457 /* PhotoApp.app */ = {isa = PBXFileReference; explicitFileType = wrapper.application; includeInIndex = 0; path = PhotoApp.app; sourceTree = BUILT_PRODUCTS_DIR; };
		417E1C5A273F23D3004D6457 /* AppDelegate.swift */ = {isa = PBXFileReference; lastKnownFileType = sourcecode.swift; path = AppDelegate.swift; sourceTree = "<group>"; };
		417E1C5C273F23D3004D6457 /* SceneDelegate.swift */ = {isa = PBXFileReference; lastKnownFileType = sourcecode.swift; path = SceneDelegate.swift; sourceTree = "<group>"; };
		417E1C5E273F23D3004D6457 /* HomeViewController.swift */ = {isa = PBXFileReference; lastKnownFileType = sourcecode.swift; path = HomeViewController.swift; sourceTree = "<group>"; };
		417E1C61273F23D3004D6457 /* Base */ = {isa = PBXFileReference; lastKnownFileType = file.storyboard; name = Base; path = Base.lproj/Main.storyboard; sourceTree = "<group>"; };
		417E1C63273F23D6004D6457 /* Assets.xcassets */ = {isa = PBXFileReference; lastKnownFileType = folder.assetcatalog; path = Assets.xcassets; sourceTree = "<group>"; };
		417E1C66273F23D6004D6457 /* Base */ = {isa = PBXFileReference; lastKnownFileType = file.storyboard; name = Base; path = Base.lproj/LaunchScreen.storyboard; sourceTree = "<group>"; };
		417E1C68273F23D6004D6457 /* Info.plist */ = {isa = PBXFileReference; lastKnownFileType = text.plist.xml; path = Info.plist; sourceTree = "<group>"; };
		4181E796273F376400359964 /* ChangeBackgroundViewController.swift */ = {isa = PBXFileReference; lastKnownFileType = sourcecode.swift; path = ChangeBackgroundViewController.swift; sourceTree = "<group>"; };
		4181E798273FC6AF00359964 /* Extensions.swift */ = {isa = PBXFileReference; lastKnownFileType = sourcecode.swift; path = Extensions.swift; sourceTree = "<group>"; };
		4181E79A273FFE4A00359964 /* BaseVC.swift */ = {isa = PBXFileReference; lastKnownFileType = sourcecode.swift; path = BaseVC.swift; sourceTree = "<group>"; };
		4181E79E2740024A00359964 /* Sailec Hairline Italic.otf */ = {isa = PBXFileReference; lastKnownFileType = file; path = "Sailec Hairline Italic.otf"; sourceTree = "<group>"; };
		4181E79F2740024A00359964 /* Sailec Light.otf */ = {isa = PBXFileReference; lastKnownFileType = file; path = "Sailec Light.otf"; sourceTree = "<group>"; };
		4181E7A02740024A00359964 /* Sailec Medium.otf */ = {isa = PBXFileReference; lastKnownFileType = file; path = "Sailec Medium.otf"; sourceTree = "<group>"; };
		4181E7A12740024A00359964 /* Sailec Regular Italic.otf */ = {isa = PBXFileReference; lastKnownFileType = file; path = "Sailec Regular Italic.otf"; sourceTree = "<group>"; };
		4181E7A22740024A00359964 /* Sailec Thin Italic.otf */ = {isa = PBXFileReference; lastKnownFileType = file; path = "Sailec Thin Italic.otf"; sourceTree = "<group>"; };
		4181E7A32740024A00359964 /* Sailec Regular.otf */ = {isa = PBXFileReference; lastKnownFileType = file; path = "Sailec Regular.otf"; sourceTree = "<group>"; };
		4181E7A42740024A00359964 /* Sailec Bold.otf */ = {isa = PBXFileReference; lastKnownFileType = file; path = "Sailec Bold.otf"; sourceTree = "<group>"; };
		4181E7A52740024A00359964 /* Sailec Thin.otf */ = {isa = PBXFileReference; lastKnownFileType = file; path = "Sailec Thin.otf"; sourceTree = "<group>"; };
		4181E7A62740024A00359964 /* Sailec Bold Italic.otf */ = {isa = PBXFileReference; lastKnownFileType = file; path = "Sailec Bold Italic.otf"; sourceTree = "<group>"; };
		4181E7A72740024A00359964 /* Sailec Black.otf */ = {isa = PBXFileReference; lastKnownFileType = file; path = "Sailec Black.otf"; sourceTree = "<group>"; };
		4181E7A82740024A00359964 /* Sailec Light Italic.otf */ = {isa = PBXFileReference; lastKnownFileType = file; path = "Sailec Light Italic.otf"; sourceTree = "<group>"; };
		4181E7A92740024A00359964 /* Sailec Medium Italic.otf */ = {isa = PBXFileReference; lastKnownFileType = file; path = "Sailec Medium Italic.otf"; sourceTree = "<group>"; };
		4181E7AA2740024A00359964 /* Sailec Hairline.otf */ = {isa = PBXFileReference; lastKnownFileType = file; path = "Sailec Hairline.otf"; sourceTree = "<group>"; };
		4181E7AB2740024A00359964 /* Sailec Black Italic.otf */ = {isa = PBXFileReference; lastKnownFileType = file; path = "Sailec Black Italic.otf"; sourceTree = "<group>"; };
		4192BC6727413B2800FE231A /* InterestSectionCVC.swift */ = {isa = PBXFileReference; lastKnownFileType = sourcecode.swift; path = InterestSectionCVC.swift; sourceTree = "<group>"; };
		4192BC69274159C800FE231A /* UIDevice.swift */ = {isa = PBXFileReference; lastKnownFileType = sourcecode.swift; path = UIDevice.swift; sourceTree = "<group>"; };
		4192BC6C27415C5100FE231A /* TabbarViewController.swift */ = {isa = PBXFileReference; lastKnownFileType = sourcecode.swift; path = TabbarViewController.swift; sourceTree = "<group>"; };
		4192BC6E27415CAA00FE231A /* TabbarController.swift */ = {isa = PBXFileReference; lastKnownFileType = sourcecode.swift; path = TabbarController.swift; sourceTree = "<group>"; };
		4192BC70274194E000FE231A /* CameraViewController.swift */ = {isa = PBXFileReference; lastKnownFileType = sourcecode.swift; path = CameraViewController.swift; sourceTree = "<group>"; };
		4192BC762741A20400FE231A /* TakePhotoViewController.swift */ = {isa = PBXFileReference; lastKnownFileType = sourcecode.swift; path = TakePhotoViewController.swift; sourceTree = "<group>"; };
		419F5A76274A919D006C6DB0 /* VisualActivityViewController.swift */ = {isa = PBXFileReference; lastKnownFileType = sourcecode.swift; path = VisualActivityViewController.swift; sourceTree = "<group>"; };
		419F5A79274AAA13006C6DB0 /* SettingsVC.swift */ = {isa = PBXFileReference; lastKnownFileType = sourcecode.swift; path = SettingsVC.swift; sourceTree = "<group>"; };
		419F5A7B274AAD60006C6DB0 /* TermsAndPolicyVC.swift */ = {isa = PBXFileReference; lastKnownFileType = sourcecode.swift; path = TermsAndPolicyVC.swift; sourceTree = "<group>"; };
		419F5A7D274AAF43006C6DB0 /* ContactUSVC.swift */ = {isa = PBXFileReference; lastKnownFileType = sourcecode.swift; path = ContactUSVC.swift; sourceTree = "<group>"; };
		419F5A7F274AAFA3006C6DB0 /* FavsVC.swift */ = {isa = PBXFileReference; lastKnownFileType = sourcecode.swift; path = FavsVC.swift; sourceTree = "<group>"; };
		41A2481127402DAE00BC90CC /* TopImageModel.swift */ = {isa = PBXFileReference; lastKnownFileType = sourcecode.swift; path = TopImageModel.swift; sourceTree = "<group>"; };
		41A248152740341C00BC90CC /* TrendingCategoriesModel.swift */ = {isa = PBXFileReference; lastKnownFileType = sourcecode.swift; path = TrendingCategoriesModel.swift; sourceTree = "<group>"; };
		41A2481C274038F600BC90CC /* TopImageCVC.swift */ = {isa = PBXFileReference; lastKnownFileType = sourcecode.swift; path = TopImageCVC.swift; sourceTree = "<group>"; };
		41A2481E27403B5500BC90CC /* TrendingCategoriesCVC.swift */ = {isa = PBXFileReference; lastKnownFileType = sourcecode.swift; path = TrendingCategoriesCVC.swift; sourceTree = "<group>"; };
		41EB980E2745796600794586 /* CategoryDetailVC.swift */ = {isa = PBXFileReference; lastKnownFileType = sourcecode.swift; path = CategoryDetailVC.swift; sourceTree = "<group>"; };
		41EB981027457D2E00794586 /* CategoriesDetailCVC.swift */ = {isa = PBXFileReference; lastKnownFileType = sourcecode.swift; path = CategoriesDetailCVC.swift; sourceTree = "<group>"; };
		41FA51BE275245F000C78E82 /* ImageStickerContainerView.swift */ = {isa = PBXFileReference; lastKnownFileType = sourcecode.swift; path = ImageStickerContainerView.swift; sourceTree = "<group>"; };
		4DA4DD5F1B799C1AF2182DC0 /* Pods-PhotoApp.debug.xcconfig */ = {isa = PBXFileReference; includeInIndex = 1; lastKnownFileType = text.xcconfig; name = "Pods-PhotoApp.debug.xcconfig"; path = "Target Support Files/Pods-PhotoApp/Pods-PhotoApp.debug.xcconfig"; sourceTree = "<group>"; };
		5F63409F5D09A1B852D3628F /* Pods-PhotoApp.release.xcconfig */ = {isa = PBXFileReference; includeInIndex = 1; lastKnownFileType = text.xcconfig; name = "Pods-PhotoApp.release.xcconfig"; path = "Target Support Files/Pods-PhotoApp/Pods-PhotoApp.release.xcconfig"; sourceTree = "<group>"; };
/* End PBXFileReference section */

/* Begin PBXFrameworksBuildPhase section */
		417E1C54273F23D3004D6457 /* Frameworks */ = {
			isa = PBXFrameworksBuildPhase;
			buildActionMask = 2147483647;
			files = (
				3C1981BB83C062FBBD353AF6 /* Pods_PhotoApp.framework in Frameworks */,
			);
			runOnlyForDeploymentPostprocessing = 0;
		};
/* End PBXFrameworksBuildPhase section */

/* Begin PBXGroup section */
		4156C4342740216100D084E9 /* ScrollView */ = {
			isa = PBXGroup;
			children = (
				417A921C2740222900C4DDEA /* IKScrollView.swift */,
			);
			path = ScrollView;
			sourceTree = "<group>";
		};
		41643C3E274A6DB100FF0EC6 /* Onboarding */ = {
			isa = PBXGroup;
			children = (
				41643C45274A6E9500FF0EC6 /* OnboardingFirstVC.swift */,
				41643C47274A6EA900FF0EC6 /* OnboardingSecondVC.swift */,
				41643C49274A6EB600FF0EC6 /* OnboardingThirdVC.swift */,
				41643C4C274A765100FF0EC6 /* OnboardingMainVC.swift */,
			);
			path = Onboarding;
			sourceTree = "<group>";
		};
		41643C3F274A6DBA00FF0EC6 /* Home */ = {
			isa = PBXGroup;
			children = (
				417E1C5E273F23D3004D6457 /* HomeViewController.swift */,
			);
			path = Home;
			sourceTree = "<group>";
		};
		41643C40274A6DCE00FF0EC6 /* Camera */ = {
			isa = PBXGroup;
			children = (
				4192BC70274194E000FE231A /* CameraViewController.swift */,
			);
			path = Camera;
			sourceTree = "<group>";
		};
		41643C41274A6DED00FF0EC6 /* Photo */ = {
			isa = PBXGroup;
			children = (
				4192BC762741A20400FE231A /* TakePhotoViewController.swift */,
				41643C3A274970BB00FF0EC6 /* PhotoResultViewController.swift */,
			);
			path = Photo;
			sourceTree = "<group>";
		};
		41643C42274A6E0700FF0EC6 /* Search */ = {
			isa = PBXGroup;
			children = (
				41643C36274968BD00FF0EC6 /* SearchEffectVC.swift */,
			);
			path = Search;
			sourceTree = "<group>";
		};
		41643C43274A6E3200FF0EC6 /* Detail */ = {
			isa = PBXGroup;
			children = (
				41EB980E2745796600794586 /* CategoryDetailVC.swift */,
			);
			path = Detail;
			sourceTree = "<group>";
		};
		41643C44274A6E4E00FF0EC6 /* Common */ = {
			isa = PBXGroup;
			children = (
				419F5A7B274AAD60006C6DB0 /* TermsAndPolicyVC.swift */,
				419F5A7D274AAF43006C6DB0 /* ContactUSVC.swift */,
				419F5A7F274AAFA3006C6DB0 /* FavsVC.swift */,
			);
			path = Common;
			sourceTree = "<group>";
		};
		41643C54274A88B700FF0EC6 /* Share */ = {
			isa = PBXGroup;
			children = (
				41643C55274A88E600FF0EC6 /* ShareVC.swift */,
			);
			path = Share;
			sourceTree = "<group>";
		};
		416EC4B62752C7C300247932 /* DeepLav */ = {
			isa = PBXGroup;
			children = (
				416EC4B72752C7CD00247932 /* DeepLabV3.mlkitmodel */,
			);
			path = DeepLav;
			sourceTree = "<group>";
		};
		416EC4B9275372EF00247932 /* CoreMLHelpers */ = {
			isa = PBXGroup;
			children = (
				416EC4BA2753731200247932 /* Array+Extensions.swift */,
				416EC4BC2753733A00247932 /* Math.swift */,
				416EC4BE2753735900247932 /* UIImage+CVPixelBuffer.swift */,
				416EC4C02753737500247932 /* Predictions.swift */,
				416EC4C22753738800247932 /* UIImage+Extensions.swift */,
				416EC4C4275373A500247932 /* CGImagePropertyOrientation.swift */,
				416EC4C6275373C300247932 /* UIImage+RawBytes.swift */,
				416EC4C8275373E800247932 /* MLMultiArray+Helpers.swift */,
				416EC4CA275373F900247932 /* CVPixelBuffer+Helpers.swift */,
				416EC4CC2753741100247932 /* CGImage+CVPixelBuffer.swift */,
				416EC4CE2753742B00247932 /* NonMaxSuppression.swift */,
				416EC4D02753745600247932 /* CGImage+RawBytes.swift */,
				416EC4D22753747200247932 /* MLMultiArray+Image.swift */,
			);
			path = CoreMLHelpers;
			sourceTree = "<group>";
		};
		417E1C4E273F23D3004D6457 = {
			isa = PBXGroup;
			children = (
				417E1C59273F23D3004D6457 /* PhotoApp */,
				417E1C58273F23D3004D6457 /* Products */,
				B2F31A61786AB475B02C56CA /* Pods */,
				8ACEA7B161BF749A0503C91F /* Frameworks */,
			);
			sourceTree = "<group>";
		};
		417E1C58273F23D3004D6457 /* Products */ = {
			isa = PBXGroup;
			children = (
				417E1C57273F23D3004D6457 /* PhotoApp.app */,
			);
			name = Products;
			sourceTree = "<group>";
		};
		417E1C59273F23D3004D6457 /* PhotoApp */ = {
			isa = PBXGroup;
			children = (
				417E1C6E273F23EC004D6457 /* App */,
				417E1C73273F242A004D6457 /* UI */,
				417E1C6F273F23F7004D6457 /* View */,
				41A2481A274038C200BC90CC /* Cells */,
				417E1C70273F2402004D6457 /* Model */,
				417E1C72273F2411004D6457 /* ViewModel */,
				417E1C71273F2407004D6457 /* Utility */,
				4181E79C274001F500359964 /* Resources */,
				417E1C63273F23D6004D6457 /* Assets.xcassets */,
				417E1C68273F23D6004D6457 /* Info.plist */,
			);
			path = PhotoApp;
			sourceTree = "<group>";
		};
		417E1C6E273F23EC004D6457 /* App */ = {
			isa = PBXGroup;
			children = (
				4181E79A273FFE4A00359964 /* BaseVC.swift */,
				417E1C5A273F23D3004D6457 /* AppDelegate.swift */,
				417E1C5C273F23D3004D6457 /* SceneDelegate.swift */,
			);
			path = App;
			sourceTree = "<group>";
		};
		417E1C6F273F23F7004D6457 /* View */ = {
			isa = PBXGroup;
			children = (
				41FA51BD2752458300C78E82 /* StickerVC */,
				41643C3E274A6DB100FF0EC6 /* Onboarding */,
				4192BC6B27415C0500FE231A /* Tabbar */,
				41643C40274A6DCE00FF0EC6 /* Camera */,
				41643C3F274A6DBA00FF0EC6 /* Home */,
				41643C41274A6DED00FF0EC6 /* Photo */,
				419F5A78274AA926006C6DB0 /* Settings */,
				41643C42274A6E0700FF0EC6 /* Search */,
				41643C43274A6E3200FF0EC6 /* Detail */,
				41643C54274A88B700FF0EC6 /* Share */,
				41643C44274A6E4E00FF0EC6 /* Common */,
				4181E796273F376400359964 /* ChangeBackgroundViewController.swift */,
			);
			path = View;
			sourceTree = "<group>";
		};
		417E1C70273F2402004D6457 /* Model */ = {
			isa = PBXGroup;
			children = (
				41A2481127402DAE00BC90CC /* TopImageModel.swift */,
				41A248152740341C00BC90CC /* TrendingCategoriesModel.swift */,
				41643C342749517D00FF0EC6 /* SuggestionsModel.swift */,
			);
			path = Model;
			sourceTree = "<group>";
		};
		417E1C71273F2407004D6457 /* Utility */ = {
			isa = PBXGroup;
			children = (
				416EC4B9275372EF00247932 /* CoreMLHelpers */,
				416EC4B62752C7C300247932 /* DeepLav */,
				41D3FCF7275015A20085A99F /* Common */,
				419F5A75274A9176006C6DB0 /* ShareItems */,
				4156C4342740216100D084E9 /* ScrollView */,
			);
			path = Utility;
			sourceTree = "<group>";
		};
		417E1C72273F2411004D6457 /* ViewModel */ = {
			isa = PBXGroup;
			children = (
			);
			path = ViewModel;
			sourceTree = "<group>";
		};
		417E1C73273F242A004D6457 /* UI */ = {
			isa = PBXGroup;
			children = (
				417E1C60273F23D3004D6457 /* Main.storyboard */,
				417E1C65273F23D6004D6457 /* LaunchScreen.storyboard */,
			);
			path = UI;
			sourceTree = "<group>";
		};
		4181E79C274001F500359964 /* Resources */ = {
			isa = PBXGroup;
			children = (
				4181E79D2740020900359964 /* Fonts */,
			);
			path = Resources;
			sourceTree = "<group>";
		};
		4181E79D2740020900359964 /* Fonts */ = {
			isa = PBXGroup;
			children = (
				4181E7AB2740024A00359964 /* Sailec Black Italic.otf */,
				4181E7A72740024A00359964 /* Sailec Black.otf */,
				4181E7A62740024A00359964 /* Sailec Bold Italic.otf */,
				4181E7A42740024A00359964 /* Sailec Bold.otf */,
				4181E79E2740024A00359964 /* Sailec Hairline Italic.otf */,
				4181E7AA2740024A00359964 /* Sailec Hairline.otf */,
				4181E7A82740024A00359964 /* Sailec Light Italic.otf */,
				4181E79F2740024A00359964 /* Sailec Light.otf */,
				4181E7A92740024A00359964 /* Sailec Medium Italic.otf */,
				4181E7A02740024A00359964 /* Sailec Medium.otf */,
				4181E7A12740024A00359964 /* Sailec Regular Italic.otf */,
				4181E7A32740024A00359964 /* Sailec Regular.otf */,
				4181E7A22740024A00359964 /* Sailec Thin Italic.otf */,
				4181E7A52740024A00359964 /* Sailec Thin.otf */,
			);
			path = Fonts;
			sourceTree = "<group>";
		};
		4192BC6B27415C0500FE231A /* Tabbar */ = {
			isa = PBXGroup;
			children = (
				4192BC6C27415C5100FE231A /* TabbarViewController.swift */,
				4192BC6E27415CAA00FE231A /* TabbarController.swift */,
			);
			path = Tabbar;
			sourceTree = "<group>";
		};
		419F5A75274A9176006C6DB0 /* ShareItems */ = {
			isa = PBXGroup;
			children = (
				419F5A76274A919D006C6DB0 /* VisualActivityViewController.swift */,
			);
			path = ShareItems;
			sourceTree = "<group>";
		};
		419F5A78274AA926006C6DB0 /* Settings */ = {
			isa = PBXGroup;
			children = (
				419F5A79274AAA13006C6DB0 /* SettingsVC.swift */,
			);
			path = Settings;
			sourceTree = "<group>";
		};
		41A2481A274038C200BC90CC /* Cells */ = {
			isa = PBXGroup;
			children = (
				41A2481B274038CE00BC90CC /* Common */,
			);
			path = Cells;
			sourceTree = "<group>";
		};
		41A2481B274038CE00BC90CC /* Common */ = {
			isa = PBXGroup;
			children = (
				41A2481C274038F600BC90CC /* TopImageCVC.swift */,
				41A2481E27403B5500BC90CC /* TrendingCategoriesCVC.swift */,
				4192BC6727413B2800FE231A /* InterestSectionCVC.swift */,
				41EB981027457D2E00794586 /* CategoriesDetailCVC.swift */,
				41643C382749697C00FF0EC6 /* SearchCVC.swift */,
				41643C3C2749712A00FF0EC6 /* EffectsCVC.swift */,
			);
			path = Common;
			sourceTree = "<group>";
		};
		41D3FCF7275015A20085A99F /* Common */ = {
			isa = PBXGroup;
			children = (
				41643C50274A78BE00FF0EC6 /* LocalStorageManager.swift */,
				4192BC69274159C800FE231A /* UIDevice.swift */,
				417A921E2740262E00C4DDEA /* Constants.swift */,
				4181E798273FC6AF00359964 /* Extensions.swift */,
				41643C52274A7AD000FF0EC6 /* Switcher.swift */,
			);
			path = Common;
			sourceTree = "<group>";
		};
		41FA51BD2752458300C78E82 /* StickerVC */ = {
			isa = PBXGroup;
			children = (
				41FA51BE275245F000C78E82 /* ImageStickerContainerView.swift */,
			);
			path = StickerVC;
			sourceTree = "<group>";
		};
		8ACEA7B161BF749A0503C91F /* Frameworks */ = {
			isa = PBXGroup;
			children = (
				1F095ACE14B807C1DE5AE65D /* Pods_PhotoApp.framework */,
			);
			name = Frameworks;
			sourceTree = "<group>";
		};
		B2F31A61786AB475B02C56CA /* Pods */ = {
			isa = PBXGroup;
			children = (
				4DA4DD5F1B799C1AF2182DC0 /* Pods-PhotoApp.debug.xcconfig */,
				5F63409F5D09A1B852D3628F /* Pods-PhotoApp.release.xcconfig */,
			);
			path = Pods;
			sourceTree = "<group>";
		};
/* End PBXGroup section */

/* Begin PBXNativeTarget section */
		417E1C56273F23D3004D6457 /* PhotoApp */ = {
			isa = PBXNativeTarget;
			buildConfigurationList = 417E1C6B273F23D6004D6457 /* Build configuration list for PBXNativeTarget "PhotoApp" */;
			buildPhases = (
				366CBE96D1CEFF587507CDE3 /* [CP] Check Pods Manifest.lock */,
				417E1C53273F23D3004D6457 /* Sources */,
				417E1C54273F23D3004D6457 /* Frameworks */,
				417E1C55273F23D3004D6457 /* Resources */,
				04B601EB4A566911882BB8D1 /* [CP] Embed Pods Frameworks */,
			);
			buildRules = (
			);
			dependencies = (
			);
			name = PhotoApp;
			productName = PhotoApp;
			productReference = 417E1C57273F23D3004D6457 /* PhotoApp.app */;
			productType = "com.apple.product-type.application";
		};
/* End PBXNativeTarget section */

/* Begin PBXProject section */
		417E1C4F273F23D3004D6457 /* Project object */ = {
			isa = PBXProject;
			attributes = {
				BuildIndependentTargetsInParallel = 1;
				LastSwiftUpdateCheck = 1310;
				LastUpgradeCheck = 1310;
				TargetAttributes = {
					417E1C56273F23D3004D6457 = {
						CreatedOnToolsVersion = 13.1;
					};
				};
			};
			buildConfigurationList = 417E1C52273F23D3004D6457 /* Build configuration list for PBXProject "PhotoApp" */;
			compatibilityVersion = "Xcode 13.0";
			developmentRegion = en;
			hasScannedForEncodings = 0;
			knownRegions = (
				en,
				Base,
			);
			mainGroup = 417E1C4E273F23D3004D6457;
			productRefGroup = 417E1C58273F23D3004D6457 /* Products */;
			projectDirPath = "";
			projectRoot = "";
			targets = (
				417E1C56273F23D3004D6457 /* PhotoApp */,
			);
		};
/* End PBXProject section */

/* Begin PBXResourcesBuildPhase section */
		417E1C55273F23D3004D6457 /* Resources */ = {
			isa = PBXResourcesBuildPhase;
			buildActionMask = 2147483647;
			files = (
				4181E7B52740024B00359964 /* Sailec Black.otf in Resources */,
				4181E7AC2740024A00359964 /* Sailec Hairline Italic.otf in Resources */,
				4181E7B42740024B00359964 /* Sailec Bold Italic.otf in Resources */,
				4181E7B32740024B00359964 /* Sailec Thin.otf in Resources */,
				4181E7AF2740024A00359964 /* Sailec Regular Italic.otf in Resources */,
				417E1C67273F23D6004D6457 /* LaunchScreen.storyboard in Resources */,
				4181E7B12740024A00359964 /* Sailec Regular.otf in Resources */,
				4181E7B82740024B00359964 /* Sailec Hairline.otf in Resources */,
				4181E7B62740024B00359964 /* Sailec Light Italic.otf in Resources */,
				4181E7B92740024B00359964 /* Sailec Black Italic.otf in Resources */,
				4181E7AD2740024A00359964 /* Sailec Light.otf in Resources */,
				4181E7B72740024B00359964 /* Sailec Medium Italic.otf in Resources */,
				417E1C64273F23D6004D6457 /* Assets.xcassets in Resources */,
				4181E7B22740024A00359964 /* Sailec Bold.otf in Resources */,
				4181E7AE2740024A00359964 /* Sailec Medium.otf in Resources */,
				417E1C62273F23D3004D6457 /* Main.storyboard in Resources */,
				4181E7B02740024A00359964 /* Sailec Thin Italic.otf in Resources */,
			);
			runOnlyForDeploymentPostprocessing = 0;
		};
/* End PBXResourcesBuildPhase section */

/* Begin PBXShellScriptBuildPhase section */
		04B601EB4A566911882BB8D1 /* [CP] Embed Pods Frameworks */ = {
			isa = PBXShellScriptBuildPhase;
			buildActionMask = 2147483647;
			files = (
			);
			inputFileListPaths = (
				"${PODS_ROOT}/Target Support Files/Pods-PhotoApp/Pods-PhotoApp-frameworks-${CONFIGURATION}-input-files.xcfilelist",
			);
			name = "[CP] Embed Pods Frameworks";
			outputFileListPaths = (
				"${PODS_ROOT}/Target Support Files/Pods-PhotoApp/Pods-PhotoApp-frameworks-${CONFIGURATION}-output-files.xcfilelist",
			);
			runOnlyForDeploymentPostprocessing = 0;
			shellPath = /bin/sh;
			shellScript = "\"${PODS_ROOT}/Target Support Files/Pods-PhotoApp/Pods-PhotoApp-frameworks.sh\"\n";
			showEnvVarsInLog = 0;
		};
		366CBE96D1CEFF587507CDE3 /* [CP] Check Pods Manifest.lock */ = {
			isa = PBXShellScriptBuildPhase;
			buildActionMask = 2147483647;
			files = (
			);
			inputFileListPaths = (
			);
			inputPaths = (
				"${PODS_PODFILE_DIR_PATH}/Podfile.lock",
				"${PODS_ROOT}/Manifest.lock",
			);
			name = "[CP] Check Pods Manifest.lock";
			outputFileListPaths = (
			);
			outputPaths = (
				"$(DERIVED_FILE_DIR)/Pods-PhotoApp-checkManifestLockResult.txt",
			);
			runOnlyForDeploymentPostprocessing = 0;
			shellPath = /bin/sh;
			shellScript = "diff \"${PODS_PODFILE_DIR_PATH}/Podfile.lock\" \"${PODS_ROOT}/Manifest.lock\" > /dev/null\nif [ $? != 0 ] ; then\n    # print error to STDERR\n    echo \"error: The sandbox is not in sync with the Podfile.lock. Run 'pod install' or update your CocoaPods installation.\" >&2\n    exit 1\nfi\n# This output is used by Xcode 'outputs' to avoid re-running this script phase.\necho \"SUCCESS\" > \"${SCRIPT_OUTPUT_FILE_0}\"\n";
			showEnvVarsInLog = 0;
		};
/* End PBXShellScriptBuildPhase section */

/* Begin PBXSourcesBuildPhase section */
		417E1C53273F23D3004D6457 /* Sources */ = {
			isa = PBXSourcesBuildPhase;
			buildActionMask = 2147483647;
			files = (
				4181E799273FC6AF00359964 /* Extensions.swift in Sources */,
				416EC4C5275373A500247932 /* CGImagePropertyOrientation.swift in Sources */,
				419F5A77274A919D006C6DB0 /* VisualActivityViewController.swift in Sources */,
				4192BC6F27415CAA00FE231A /* TabbarController.swift in Sources */,
				4181E79B273FFE4A00359964 /* BaseVC.swift in Sources */,
				4192BC71274194E000FE231A /* CameraViewController.swift in Sources */,
				41643C48274A6EA900FF0EC6 /* OnboardingSecondVC.swift in Sources */,
				41643C3D2749712A00FF0EC6 /* EffectsCVC.swift in Sources */,
				4192BC772741A20400FE231A /* TakePhotoViewController.swift in Sources */,
				416EC4CB275373F900247932 /* CVPixelBuffer+Helpers.swift in Sources */,
				41A248162740341C00BC90CC /* TrendingCategoriesModel.swift in Sources */,
				416EC4C32753738800247932 /* UIImage+Extensions.swift in Sources */,
				41643C4D274A765100FF0EC6 /* OnboardingMainVC.swift in Sources */,
				41643C352749517D00FF0EC6 /* SuggestionsModel.swift in Sources */,
				416EC4BB2753731200247932 /* Array+Extensions.swift in Sources */,
				41643C37274968BD00FF0EC6 /* SearchEffectVC.swift in Sources */,
				416EC4D32753747200247932 /* MLMultiArray+Image.swift in Sources */,
				4181E797273F376400359964 /* ChangeBackgroundViewController.swift in Sources */,
				417E1C5F273F23D3004D6457 /* HomeViewController.swift in Sources */,
				419F5A7C274AAD60006C6DB0 /* TermsAndPolicyVC.swift in Sources */,
				416EC4C7275373C300247932 /* UIImage+RawBytes.swift in Sources */,
				41FA51BF275245F000C78E82 /* ImageStickerContainerView.swift in Sources */,
				41643C53274A7AD000FF0EC6 /* Switcher.swift in Sources */,
				41A2481D274038F600BC90CC /* TopImageCVC.swift in Sources */,
				41A2481227402DAE00BC90CC /* TopImageModel.swift in Sources */,
				419F5A7A274AAA13006C6DB0 /* SettingsVC.swift in Sources */,
				417E1C5B273F23D3004D6457 /* AppDelegate.swift in Sources */,
				4192BC6D27415C5100FE231A /* TabbarViewController.swift in Sources */,
				416EC4C12753737500247932 /* Predictions.swift in Sources */,
				416EC4CF2753742B00247932 /* NonMaxSuppression.swift in Sources */,
				416EC4CD2753741100247932 /* CGImage+CVPixelBuffer.swift in Sources */,
				416EC4B82752C7CD00247932 /* DeepLabV3.mlkitmodel in Sources */,
				417E1C5D273F23D3004D6457 /* SceneDelegate.swift in Sources */,
				416EC4BF2753735900247932 /* UIImage+CVPixelBuffer.swift in Sources */,
				41643C46274A6E9500FF0EC6 /* OnboardingFirstVC.swift in Sources */,
				41643C56274A88E600FF0EC6 /* ShareVC.swift in Sources */,
				417A921D2740222900C4DDEA /* IKScrollView.swift in Sources */,
				416EC4C9275373E800247932 /* MLMultiArray+Helpers.swift in Sources */,
				41EB980F2745796600794586 /* CategoryDetailVC.swift in Sources */,
				416EC4D12753745600247932 /* CGImage+RawBytes.swift in Sources */,
				417A921F2740262E00C4DDEA /* Constants.swift in Sources */,
				419F5A80274AAFA3006C6DB0 /* FavsVC.swift in Sources */,
				416EC4BD2753733A00247932 /* Math.swift in Sources */,
				41643C3B274970BB00FF0EC6 /* PhotoResultViewController.swift in Sources */,
				4192BC6827413B2800FE231A /* InterestSectionCVC.swift in Sources */,
				419F5A7E274AAF43006C6DB0 /* ContactUSVC.swift in Sources */,
				41EB981127457D2E00794586 /* CategoriesDetailCVC.swift in Sources */,
				41A2481F27403B5500BC90CC /* TrendingCategoriesCVC.swift in Sources */,
				41643C4A274A6EB600FF0EC6 /* OnboardingThirdVC.swift in Sources */,
				41643C51274A78BE00FF0EC6 /* LocalStorageManager.swift in Sources */,
				4192BC6A274159C800FE231A /* UIDevice.swift in Sources */,
				41643C392749697C00FF0EC6 /* SearchCVC.swift in Sources */,
			);
			runOnlyForDeploymentPostprocessing = 0;
		};
/* End PBXSourcesBuildPhase section */

/* Begin PBXVariantGroup section */
		417E1C60273F23D3004D6457 /* Main.storyboard */ = {
			isa = PBXVariantGroup;
			children = (
				417E1C61273F23D3004D6457 /* Base */,
			);
			name = Main.storyboard;
			sourceTree = "<group>";
		};
		417E1C65273F23D6004D6457 /* LaunchScreen.storyboard */ = {
			isa = PBXVariantGroup;
			children = (
				417E1C66273F23D6004D6457 /* Base */,
			);
			name = LaunchScreen.storyboard;
			sourceTree = "<group>";
		};
/* End PBXVariantGroup section */

/* Begin XCBuildConfiguration section */
		417E1C69273F23D6004D6457 /* Debug */ = {
			isa = XCBuildConfiguration;
			buildSettings = {
				ALWAYS_SEARCH_USER_PATHS = NO;
				CLANG_ANALYZER_NONNULL = YES;
				CLANG_ANALYZER_NUMBER_OBJECT_CONVERSION = YES_AGGRESSIVE;
				CLANG_CXX_LANGUAGE_STANDARD = "gnu++17";
				CLANG_CXX_LIBRARY = "libc++";
				CLANG_ENABLE_MODULES = YES;
				CLANG_ENABLE_OBJC_ARC = YES;
				CLANG_ENABLE_OBJC_WEAK = YES;
				CLANG_WARN_BLOCK_CAPTURE_AUTORELEASING = YES;
				CLANG_WARN_BOOL_CONVERSION = YES;
				CLANG_WARN_COMMA = YES;
				CLANG_WARN_CONSTANT_CONVERSION = YES;
				CLANG_WARN_DEPRECATED_OBJC_IMPLEMENTATIONS = YES;
				CLANG_WARN_DIRECT_OBJC_ISA_USAGE = YES_ERROR;
				CLANG_WARN_DOCUMENTATION_COMMENTS = YES;
				CLANG_WARN_EMPTY_BODY = YES;
				CLANG_WARN_ENUM_CONVERSION = YES;
				CLANG_WARN_INFINITE_RECURSION = YES;
				CLANG_WARN_INT_CONVERSION = YES;
				CLANG_WARN_NON_LITERAL_NULL_CONVERSION = YES;
				CLANG_WARN_OBJC_IMPLICIT_RETAIN_SELF = YES;
				CLANG_WARN_OBJC_LITERAL_CONVERSION = YES;
				CLANG_WARN_OBJC_ROOT_CLASS = YES_ERROR;
				CLANG_WARN_QUOTED_INCLUDE_IN_FRAMEWORK_HEADER = YES;
				CLANG_WARN_RANGE_LOOP_ANALYSIS = YES;
				CLANG_WARN_STRICT_PROTOTYPES = YES;
				CLANG_WARN_SUSPICIOUS_MOVE = YES;
				CLANG_WARN_UNGUARDED_AVAILABILITY = YES_AGGRESSIVE;
				CLANG_WARN_UNREACHABLE_CODE = YES;
				CLANG_WARN__DUPLICATE_METHOD_MATCH = YES;
				COPY_PHASE_STRIP = NO;
				DEBUG_INFORMATION_FORMAT = dwarf;
				ENABLE_STRICT_OBJC_MSGSEND = YES;
				ENABLE_TESTABILITY = YES;
				GCC_C_LANGUAGE_STANDARD = gnu11;
				GCC_DYNAMIC_NO_PIC = NO;
				GCC_NO_COMMON_BLOCKS = YES;
				GCC_OPTIMIZATION_LEVEL = 0;
				GCC_PREPROCESSOR_DEFINITIONS = (
					"DEBUG=1",
					"$(inherited)",
				);
				GCC_WARN_64_TO_32_BIT_CONVERSION = YES;
				GCC_WARN_ABOUT_RETURN_TYPE = YES_ERROR;
				GCC_WARN_UNDECLARED_SELECTOR = YES;
				GCC_WARN_UNINITIALIZED_AUTOS = YES_AGGRESSIVE;
				GCC_WARN_UNUSED_FUNCTION = YES;
				GCC_WARN_UNUSED_VARIABLE = YES;
				IPHONEOS_DEPLOYMENT_TARGET = 15.0;
				MTL_ENABLE_DEBUG_INFO = INCLUDE_SOURCE;
				MTL_FAST_MATH = YES;
				ONLY_ACTIVE_ARCH = YES;
				SDKROOT = iphoneos;
				SWIFT_ACTIVE_COMPILATION_CONDITIONS = DEBUG;
				SWIFT_OPTIMIZATION_LEVEL = "-Onone";
			};
			name = Debug;
		};
		417E1C6A273F23D6004D6457 /* Release */ = {
			isa = XCBuildConfiguration;
			buildSettings = {
				ALWAYS_SEARCH_USER_PATHS = NO;
				CLANG_ANALYZER_NONNULL = YES;
				CLANG_ANALYZER_NUMBER_OBJECT_CONVERSION = YES_AGGRESSIVE;
				CLANG_CXX_LANGUAGE_STANDARD = "gnu++17";
				CLANG_CXX_LIBRARY = "libc++";
				CLANG_ENABLE_MODULES = YES;
				CLANG_ENABLE_OBJC_ARC = YES;
				CLANG_ENABLE_OBJC_WEAK = YES;
				CLANG_WARN_BLOCK_CAPTURE_AUTORELEASING = YES;
				CLANG_WARN_BOOL_CONVERSION = YES;
				CLANG_WARN_COMMA = YES;
				CLANG_WARN_CONSTANT_CONVERSION = YES;
				CLANG_WARN_DEPRECATED_OBJC_IMPLEMENTATIONS = YES;
				CLANG_WARN_DIRECT_OBJC_ISA_USAGE = YES_ERROR;
				CLANG_WARN_DOCUMENTATION_COMMENTS = YES;
				CLANG_WARN_EMPTY_BODY = YES;
				CLANG_WARN_ENUM_CONVERSION = YES;
				CLANG_WARN_INFINITE_RECURSION = YES;
				CLANG_WARN_INT_CONVERSION = YES;
				CLANG_WARN_NON_LITERAL_NULL_CONVERSION = YES;
				CLANG_WARN_OBJC_IMPLICIT_RETAIN_SELF = YES;
				CLANG_WARN_OBJC_LITERAL_CONVERSION = YES;
				CLANG_WARN_OBJC_ROOT_CLASS = YES_ERROR;
				CLANG_WARN_QUOTED_INCLUDE_IN_FRAMEWORK_HEADER = YES;
				CLANG_WARN_RANGE_LOOP_ANALYSIS = YES;
				CLANG_WARN_STRICT_PROTOTYPES = YES;
				CLANG_WARN_SUSPICIOUS_MOVE = YES;
				CLANG_WARN_UNGUARDED_AVAILABILITY = YES_AGGRESSIVE;
				CLANG_WARN_UNREACHABLE_CODE = YES;
				CLANG_WARN__DUPLICATE_METHOD_MATCH = YES;
				COPY_PHASE_STRIP = NO;
				DEBUG_INFORMATION_FORMAT = "dwarf-with-dsym";
				ENABLE_NS_ASSERTIONS = NO;
				ENABLE_STRICT_OBJC_MSGSEND = YES;
				GCC_C_LANGUAGE_STANDARD = gnu11;
				GCC_NO_COMMON_BLOCKS = YES;
				GCC_WARN_64_TO_32_BIT_CONVERSION = YES;
				GCC_WARN_ABOUT_RETURN_TYPE = YES_ERROR;
				GCC_WARN_UNDECLARED_SELECTOR = YES;
				GCC_WARN_UNINITIALIZED_AUTOS = YES_AGGRESSIVE;
				GCC_WARN_UNUSED_FUNCTION = YES;
				GCC_WARN_UNUSED_VARIABLE = YES;
				IPHONEOS_DEPLOYMENT_TARGET = 15.0;
				MTL_ENABLE_DEBUG_INFO = NO;
				MTL_FAST_MATH = YES;
				SDKROOT = iphoneos;
				SWIFT_COMPILATION_MODE = wholemodule;
				SWIFT_OPTIMIZATION_LEVEL = "-O";
				VALIDATE_PRODUCT = YES;
			};
			name = Release;
		};
		417E1C6C273F23D6004D6457 /* Debug */ = {
			isa = XCBuildConfiguration;
			baseConfigurationReference = 4DA4DD5F1B799C1AF2182DC0 /* Pods-PhotoApp.debug.xcconfig */;
			buildSettings = {
				ASSETCATALOG_COMPILER_APPICON_NAME = AppIcon;
				ASSETCATALOG_COMPILER_GLOBAL_ACCENT_COLOR_NAME = AccentColor;
				CODE_SIGN_STYLE = Automatic;
				CURRENT_PROJECT_VERSION = 1.1;
				DEVELOPMENT_TEAM = 5FPDY5T8R9;
				GENERATE_INFOPLIST_FILE = YES;
				INFOPLIST_FILE = PhotoApp/Info.plist;
				INFOPLIST_KEY_NSCameraUsageDescription = "Please allow camera.";
				INFOPLIST_KEY_NSPhotoLibraryAddUsageDescription = "Please allow access to save photo in your photo library";
				INFOPLIST_KEY_NSPhotoLibraryUsageDescription = "Please allow access to save photo in your photo library";
				INFOPLIST_KEY_UIApplicationSupportsIndirectInputEvents = YES;
				INFOPLIST_KEY_UILaunchStoryboardName = LaunchScreen;
				INFOPLIST_KEY_UIMainStoryboardFile = Main;
				INFOPLIST_KEY_UISupportedInterfaceOrientations_iPad = "UIInterfaceOrientationPortrait UIInterfaceOrientationPortraitUpsideDown UIInterfaceOrientationLandscapeLeft UIInterfaceOrientationLandscapeRight";
				INFOPLIST_KEY_UISupportedInterfaceOrientations_iPhone = "UIInterfaceOrientationPortrait UIInterfaceOrientationLandscapeLeft UIInterfaceOrientationLandscapeRight";
				INFOPLIST_KEY_UIUserInterfaceStyle = Light;
				LD_RUNPATH_SEARCH_PATHS = (
					"$(inherited)",
					"@executable_path/Frameworks",
				);
				MARKETING_VERSION = 1.0;
				PRODUCT_BUNDLE_IDENTIFIER = com.orhanerbas.PhotoApp;
				PRODUCT_NAME = "$(TARGET_NAME)";
				SWIFT_EMIT_LOC_STRINGS = YES;
				SWIFT_VERSION = 5.0;
				TARGETED_DEVICE_FAMILY = 1;
			};
			name = Debug;
		};
		417E1C6D273F23D6004D6457 /* Release */ = {
			isa = XCBuildConfiguration;
			baseConfigurationReference = 5F63409F5D09A1B852D3628F /* Pods-PhotoApp.release.xcconfig */;
			buildSettings = {
				ASSETCATALOG_COMPILER_APPICON_NAME = AppIcon;
				ASSETCATALOG_COMPILER_GLOBAL_ACCENT_COLOR_NAME = AccentColor;
				CODE_SIGN_STYLE = Automatic;
				CURRENT_PROJECT_VERSION = 1.1;
				DEVELOPMENT_TEAM = 5FPDY5T8R9;
				GENERATE_INFOPLIST_FILE = YES;
				INFOPLIST_FILE = PhotoApp/Info.plist;
				INFOPLIST_KEY_NSCameraUsageDescription = "Please allow camera.";
				INFOPLIST_KEY_NSPhotoLibraryAddUsageDescription = "Please allow access to save photo in your photo library";
				INFOPLIST_KEY_NSPhotoLibraryUsageDescription = "Please allow access to save photo in your photo library";
				INFOPLIST_KEY_UIApplicationSupportsIndirectInputEvents = YES;
				INFOPLIST_KEY_UILaunchStoryboardName = LaunchScreen;
				INFOPLIST_KEY_UIMainStoryboardFile = Main;
				INFOPLIST_KEY_UISupportedInterfaceOrientations_iPad = "UIInterfaceOrientationPortrait UIInterfaceOrientationPortraitUpsideDown UIInterfaceOrientationLandscapeLeft UIInterfaceOrientationLandscapeRight";
				INFOPLIST_KEY_UISupportedInterfaceOrientations_iPhone = "UIInterfaceOrientationPortrait UIInterfaceOrientationLandscapeLeft UIInterfaceOrientationLandscapeRight";
				INFOPLIST_KEY_UIUserInterfaceStyle = Light;
				LD_RUNPATH_SEARCH_PATHS = (
					"$(inherited)",
					"@executable_path/Frameworks",
				);
				MARKETING_VERSION = 1.0;
				PRODUCT_BUNDLE_IDENTIFIER = com.orhanerbas.PhotoApp;
				PRODUCT_NAME = "$(TARGET_NAME)";
				SWIFT_EMIT_LOC_STRINGS = YES;
				SWIFT_VERSION = 5.0;
				TARGETED_DEVICE_FAMILY = 1;
			};
			name = Release;
		};
/* End XCBuildConfiguration section */

/* Begin XCConfigurationList section */
		417E1C52273F23D3004D6457 /* Build configuration list for PBXProject "PhotoApp" */ = {
			isa = XCConfigurationList;
			buildConfigurations = (
				417E1C69273F23D6004D6457 /* Debug */,
				417E1C6A273F23D6004D6457 /* Release */,
			);
			defaultConfigurationIsVisible = 0;
			defaultConfigurationName = Release;
		};
		417E1C6B273F23D6004D6457 /* Build configuration list for PBXNativeTarget "PhotoApp" */ = {
			isa = XCConfigurationList;
			buildConfigurations = (
				417E1C6C273F23D6004D6457 /* Debug */,
				417E1C6D273F23D6004D6457 /* Release */,
			);
			defaultConfigurationIsVisible = 0;
			defaultConfigurationName = Release;
		};
/* End XCConfigurationList section */
	};
	rootObject = 417E1C4F273F23D3004D6457 /* Project object */;
}
